{
  "name": "hn-hotels-site",
  "version": "1.0.0",
  "lockfileVersion": 3,
  "requires": true,
  "packages": {
    "": {
      "name": "hn-hotels-site",
      "version": "1.0.0",
      "dependencies": {
        "@resvg/resvg-wasm": "^2.6.2"
      }
    },
    "node_modules/@resvg/resvg-wasm": {
      "version": "2.6.2",
      "license": "MPL-2.0",
      "engines": {
        "node": ">= 10"
      }
    }
  }
}
