// !$*UTF8*$!
{
	archiveVersion = 1;
	classes = {
	};
	objectVersion = 77;
	objects = {

/* Begin PBXBuildFile section */
		0FC005EDEF039D2F484BD709 /* Assets.xcassets in Resources */ = {isa = PBXBuildFile; fileRef = EEFE047899C7427E8572A324 /* Assets.xcassets */; };
		24A46C7B5207CEE976D337E1 /* NazarFlagsView.swift in Sources */ = {isa = PBXBuildFile; fileRef = 043949AAB66FADFFC0BA312A /* NazarFlagsView.swift */; };
		3232FCAEB2A3F70887626837 /* ContentView.swift in Sources */ = {isa = PBXBuildFile; fileRef = 5F7F1C1FDB54A9FA98720198 /* ContentView.swift */; };
		32695C44262D84A5F021F957 /* HomeView.swift in Sources */ = {isa = PBXBuildFile; fileRef = F132768A2AA5030633EBB9FC /* HomeView.swift */; };
		8C843FC15BD35A5C324CBD79 /* NazarModels.swift in Sources */ = {isa = PBXBuildFile; fileRef = C9F23BF82E2BBEE2C08089BE /* NazarModels.swift */; };
		998058714531635BD90C4258 /* App.swift in Sources */ = {isa = PBXBuildFile; fileRef = 4AA45B1BA7A1F217253BACED /* App.swift */; };
		A21519CA542017A437C678B4 /* NazarClient.swift in Sources */ = {isa = PBXBuildFile; fileRef = C654853FC74060B3F52A20E7 /* NazarClient.swift */; };
		B6CDA46596E35FE4E82AFFEB /* Theme.swift in Sources */ = {isa = PBXBuildFile; fileRef = F8EF6986F5F8AC21AD9BFA72 /* Theme.swift */; };
		C2DF69545894D81ACD16FFE9 /* NazarPlayerHTML.swift in Sources */ = {isa = PBXBuildFile; fileRef = DD507091DD89A964775A5EDA /* NazarPlayerHTML.swift */; };
		C62068B8A1AA6F041010820A /* NazarCamerasView.swift in Sources */ = {isa = PBXBuildFile; fileRef = 87B7DF9A2A4F972254DC2740 /* NazarCamerasView.swift */; };
		E09F33144FC1A0D490E0EC98 /* NazarSettings.swift in Sources */ = {isa = PBXBuildFile; fileRef = A804FD0AE0D91A0EDA8C92CB /* NazarSettings.swift */; };
		EA840586579A1CE7FC01E9A7 /* NazarIntelligenceView.swift in Sources */ = {isa = PBXBuildFile; fileRef = 2D63F906FC25AFA3E78B72A4 /* NazarIntelligenceView.swift */; };
		F62ABDAB54B03478ABB93B80 /* KeychainStore.swift in Sources */ = {isa = PBXBuildFile; fileRef = D358FAF03D4E4379EE266EC6 /* KeychainStore.swift */; };
/* End PBXBuildFile section */

/* Begin PBXFileReference section */
		043949AAB66FADFFC0BA312A /* NazarFlagsView.swift */ = {isa = PBXFileReference; lastKnownFileType = sourcecode.swift; path = NazarFlagsView.swift; sourceTree = "<group>"; };
		2D63F906FC25AFA3E78B72A4 /* NazarIntelligenceView.swift */ = {isa = PBXFileReference; lastKnownFileType = sourcecode.swift; path = NazarIntelligenceView.swift; sourceTree = "<group>"; };
		43956A6C3982D586B5EF90D2 /* Info.plist */ = {isa = PBXFileReference; lastKnownFileType = text.plist; path = Info.plist; sourceTree = "<group>"; };
		4AA45B1BA7A1F217253BACED /* App.swift */ = {isa = PBXFileReference; lastKnownFileType = sourcecode.swift; path = App.swift; sourceTree = "<group>"; };
		4CA53CB8934A52F85BAF1733 /* Nazar.entitlements */ = {isa = PBXFileReference; lastKnownFileType = text.plist.entitlements; path = Nazar.entitlements; sourceTree = "<group>"; };
		5F7F1C1FDB54A9FA98720198 /* ContentView.swift */ = {isa = PBXFileReference; lastKnownFileType = sourcecode.swift; path = ContentView.swift; sourceTree = "<group>"; };
		7ADDF589D5AD6DDBA38CDAB4 /* NazarApp.app */ = {isa = PBXFileReference; includeInIndex = 0; lastKnownFileType = wrapper.application; path = NazarApp.app; sourceTree = BUILT_PRODUCTS_DIR; };
		87B7DF9A2A4F972254DC2740 /* NazarCamerasView.swift */ = {isa = PBXFileReference; lastKnownFileType = sourcecode.swift; path = NazarCamerasView.swift; sourceTree = "<group>"; };
		A804FD0AE0D91A0EDA8C92CB /* NazarSettings.swift */ = {isa = PBXFileReference; lastKnownFileType = sourcecode.swift; path = NazarSettings.swift; sourceTree = "<group>"; };
		C654853FC74060B3F52A20E7 /* NazarClient.swift */ = {isa = PBXFileReference; lastKnownFileType = sourcecode.swift; path = NazarClient.swift; sourceTree = "<group>"; };
		C9F23BF82E2BBEE2C08089BE /* NazarModels.swift */ = {isa = PBXFileReference; lastKnownFileType = sourcecode.swift; path = NazarModels.swift; sourceTree = "<group>"; };
		D358FAF03D4E4379EE266EC6 /* KeychainStore.swift */ = {isa = PBXFileReference; lastKnownFileType = sourcecode.swift; path = KeychainStore.swift; sourceTree = "<group>"; };
		DD507091DD89A964775A5EDA /* NazarPlayerHTML.swift */ = {isa = PBXFileReference; lastKnownFileType = sourcecode.swift; path = NazarPlayerHTML.swift; sourceTree = "<group>"; };
		EEFE047899C7427E8572A324 /* Assets.xcassets */ = {isa = PBXFileReference; lastKnownFileType = folder.assetcatalog; path = Assets.xcassets; sourceTree = "<group>"; };
		F132768A2AA5030633EBB9FC /* HomeView.swift */ = {isa = PBXFileReference; lastKnownFileType = sourcecode.swift; path = HomeView.swift; sourceTree = "<group>"; };
		F8EF6986F5F8AC21AD9BFA72 /* Theme.swift */ = {isa = PBXFileReference; lastKnownFileType = sourcecode.swift; path = Theme.swift; sourceTree = "<group>"; };
/* End PBXFileReference section */

/* Begin PBXGroup section */
		498AB5792308C98FAA62B297 /* Products */ = {
			isa = PBXGroup;
			children = (
				7ADDF589D5AD6DDBA38CDAB4 /* NazarApp.app */,
			);
			name = Products;
			sourceTree = "<group>";
		};
		65AB527775227EC2A9D6A3B1 = {
			isa = PBXGroup;
			children = (
				B76A5EF6DE6AB9DFD2ADD543 /* Nazar */,
				498AB5792308C98FAA62B297 /* Products */,
			);
			sourceTree = "<group>";
		};
		B76A5EF6DE6AB9DFD2ADD543 /* Nazar */ = {
			isa = PBXGroup;
			children = (
				4AA45B1BA7A1F217253BACED /* App.swift */,
				EEFE047899C7427E8572A324 /* Assets.xcassets */,
				5F7F1C1FDB54A9FA98720198 /* ContentView.swift */,
				F132768A2AA5030633EBB9FC /* HomeView.swift */,
				43956A6C3982D586B5EF90D2 /* Info.plist */,
				D358FAF03D4E4379EE266EC6 /* KeychainStore.swift */,
				4CA53CB8934A52F85BAF1733 /* Nazar.entitlements */,
				87B7DF9A2A4F972254DC2740 /* NazarCamerasView.swift */,
				C654853FC74060B3F52A20E7 /* NazarClient.swift */,
				043949AAB66FADFFC0BA312A /* NazarFlagsView.swift */,
				2D63F906FC25AFA3E78B72A4 /* NazarIntelligenceView.swift */,
				C9F23BF82E2BBEE2C08089BE /* NazarModels.swift */,
				DD507091DD89A964775A5EDA /* NazarPlayerHTML.swift */,
				A804FD0AE0D91A0EDA8C92CB /* NazarSettings.swift */,
				F8EF6986F5F8AC21AD9BFA72 /* Theme.swift */,
			);
			path = Nazar;
			sourceTree = "<group>";
		};
/* End PBXGroup section */

/* Begin PBXNativeTarget section */
		957BC037141C067E089E4533 /* NazarApp */ = {
			isa = PBXNativeTarget;
			buildConfigurationList = 45FA210B9B612445A6F579CD /* Build configuration list for PBXNativeTarget "NazarApp" */;
			buildPhases = (
				D5476EE25FF703AE5C43A3D6 /* Sources */,
				1ADDC5ED9BA793EE2411F73B /* Resources */,
			);
			buildRules = (
			);
			dependencies = (
			);
			name = NazarApp;
			packageProductDependencies = (
			);
			productName = NazarApp;
			productReference = 7ADDF589D5AD6DDBA38CDAB4 /* NazarApp.app */;
			productType = "com.apple.product-type.application";
		};
/* End PBXNativeTarget section */

/* Begin PBXProject section */
		B9D9C9F133B923D410D5F213 /* Project object */ = {
			isa = PBXProject;
			attributes = {
				BuildIndependentTargetsInParallel = YES;
				LastUpgradeCheck = 1430;
				TargetAttributes = {
					957BC037141C067E089E4533 = {
						DevelopmentTeam = FZ58DQ52QS;
						ProvisioningStyle = Automatic;
					};
				};
			};
			buildConfigurationList = 7AAC0974926F02B8772FA5CC /* Build configuration list for PBXProject "NazarApp" */;
			developmentRegion = en;
			hasScannedForEncodings = 0;
			knownRegions = (
				Base,
				en,
			);
			mainGroup = 65AB527775227EC2A9D6A3B1;
			minimizedProjectReferenceProxies = 1;
			preferredProjectObjectVersion = 77;
			productRefGroup = 498AB5792308C98FAA62B297 /* Products */;
			projectDirPath = "";
			projectRoot = "";
			targets = (
				957BC037141C067E089E4533 /* NazarApp */,
			);
		};
/* End PBXProject section */

/* Begin PBXResourcesBuildPhase section */
		1ADDC5ED9BA793EE2411F73B /* Resources */ = {
			isa = PBXResourcesBuildPhase;
			buildActionMask = 2147483647;
			files = (
				0FC005EDEF039D2F484BD709 /* Assets.xcassets in Resources */,
			);
			runOnlyForDeploymentPostprocessing = 0;
		};
/* End PBXResourcesBuildPhase section */

/* Begin PBXSourcesBuildPhase section */
		D5476EE25FF703AE5C43A3D6 /* Sources */ = {
			isa = PBXSourcesBuildPhase;
			buildActionMask = 2147483647;
			files = (
				998058714531635BD90C4258 /* App.swift in Sources */,
				3232FCAEB2A3F70887626837 /* ContentView.swift in Sources */,
				32695C44262D84A5F021F957 /* HomeView.swift in Sources */,
				F62ABDAB54B03478ABB93B80 /* KeychainStore.swift in Sources */,
				C62068B8A1AA6F041010820A /* NazarCamerasView.swift in Sources */,
				A21519CA542017A437C678B4 /* NazarClient.swift in Sources */,
				24A46C7B5207CEE976D337E1 /* NazarFlagsView.swift in Sources */,
				EA840586579A1CE7FC01E9A7 /* NazarIntelligenceView.swift in Sources */,
				8C843FC15BD35A5C324CBD79 /* NazarModels.swift in Sources */,
				C2DF69545894D81ACD16FFE9 /* NazarPlayerHTML.swift in Sources */,
				E09F33144FC1A0D490E0EC98 /* NazarSettings.swift in Sources */,
				B6CDA46596E35FE4E82AFFEB /* Theme.swift in Sources */,
			);
			runOnlyForDeploymentPostprocessing = 0;
		};
/* End PBXSourcesBuildPhase section */

/* Begin XCBuildConfiguration section */
		2DA13B51426D68E5498A1F74 /* Debug */ = {
			isa = XCBuildConfiguration;
			buildSettings = {
				ASSETCATALOG_COMPILER_APPICON_NAME = AppIcon;
				CODE_SIGN_ENTITLEMENTS = Nazar/Nazar.entitlements;
				INFOPLIST_FILE = Nazar/Info.plist;
				PRODUCT_BUNDLE_IDENTIFIER = com.hnhotels.nazar;
				PRODUCT_NAME = Nazar;
				SUPPORTED_PLATFORMS = "iphoneos iphonesimulator";
			};
			name = Debug;
		};
		4BC86BCC522773F08FE00023 /* Debug */ = {
			isa = XCBuildConfiguration;
			buildSettings = {
				CODE_SIGN_STYLE = Automatic;
				DEVELOPMENT_TEAM = FZ58DQ52QS;
				IPHONEOS_DEPLOYMENT_TARGET = 17.0;
				SDKROOT = iphoneos;
				SWIFT_VERSION = 5.9;
			};
			name = Debug;
		};
		7DB9A64E69661788BD386C34 /* Release */ = {
			isa = XCBuildConfiguration;
			buildSettings = {
				ASSETCATALOG_COMPILER_APPICON_NAME = AppIcon;
				CODE_SIGN_ENTITLEMENTS = Nazar/Nazar.entitlements;
				INFOPLIST_FILE = Nazar/Info.plist;
				PRODUCT_BUNDLE_IDENTIFIER = com.hnhotels.nazar;
				PRODUCT_NAME = Nazar;
				SUPPORTED_PLATFORMS = "iphoneos iphonesimulator";
			};
			name = Release;
		};
		EAF1D29057DF5DA4DDC8DEF3 /* Release */ = {
			isa = XCBuildConfiguration;
			buildSettings = {
				CODE_SIGN_STYLE = Automatic;
				DEVELOPMENT_TEAM = FZ58DQ52QS;
				IPHONEOS_DEPLOYMENT_TARGET = 17.0;
				SDKROOT = iphoneos;
				SWIFT_VERSION = 5.9;
			};
			name = Release;
		};
/* End XCBuildConfiguration section */

/* Begin XCConfigurationList section */
		45FA210B9B612445A6F579CD /* Build configuration list for PBXNativeTarget "NazarApp" */ = {
			isa = XCConfigurationList;
			buildConfigurations = (
				2DA13B51426D68E5498A1F74 /* Debug */,
				7DB9A64E69661788BD386C34 /* Release */,
			);
			defaultConfigurationIsVisible = 0;
			defaultConfigurationName = Debug;
		};
		7AAC0974926F02B8772FA5CC /* Build configuration list for PBXProject "NazarApp" */ = {
			isa = XCConfigurationList;
			buildConfigurations = (
				4BC86BCC522773F08FE00023 /* Debug */,
				EAF1D29057DF5DA4DDC8DEF3 /* Release */,
			);
			defaultConfigurationIsVisible = 0;
			defaultConfigurationName = Debug;
		};
/* End XCConfigurationList section */
	};
	rootObject = B9D9C9F133B923D410D5F213 /* Project object */;
}
