// !$*UTF8*$!
{
	archiveVersion = 1;
	classes = {
	};
	objectVersion = 77;
	objects = {

/* Begin PBXBuildFile section */
		0BAFE1B8035AE32EB4C9FEE4 /* NaamDecisionClient.swift in Sources */ = {isa = PBXBuildFile; fileRef = F208218662A80C6A2937FC62 /* NaamDecisionClient.swift */; };
		203E6A8EE11B28BC03A29E83 /* NaamLiveModel.swift in Sources */ = {isa = PBXBuildFile; fileRef = F131712030294D9CF75372FC /* NaamLiveModel.swift */; };
		3819AE8C618738A5F1329A9D /* Assets.xcassets in Resources */ = {isa = PBXBuildFile; fileRef = 0CBBA89C926F5983C7F3E957 /* Assets.xcassets */; };
		4405F84739A778FB5FAFA6CA /* NaamView.swift in Sources */ = {isa = PBXBuildFile; fileRef = 5E41A0403AAA4A2FB9747A78 /* NaamView.swift */; };
		5625FAA5EAE7A6D239473BA8 /* NaamLiveClient.swift in Sources */ = {isa = PBXBuildFile; fileRef = 1B4693E873D0FE6742E332C4 /* NaamLiveClient.swift */; };
		576A7178618ADC373C9D8BB2 /* NaamApp.swift in Sources */ = {isa = PBXBuildFile; fileRef = 221BF7C13F7A0E121D1FDB10 /* NaamApp.swift */; };
		5E610C44BFB789CFA3984170 /* NaamMetaGate.swift in Sources */ = {isa = PBXBuildFile; fileRef = 1B03D7F054918D4CEFD9F305 /* NaamMetaGate.swift */; };
		63C29A5F679D51E7041D307D /* NaamAppModel.swift in Sources */ = {isa = PBXBuildFile; fileRef = 1EB664B7B108310881C43B40 /* NaamAppModel.swift */; };
		6E2377AB3BCB11D6051A169D /* NaamModels.swift in Sources */ = {isa = PBXBuildFile; fileRef = 6E4874CEA585D222CFB2C913 /* NaamModels.swift */; };
		71F83F4DD645B7C8E4A7A2FD /* NaamKit.swift in Sources */ = {isa = PBXBuildFile; fileRef = 077F4C9463E40DFEC6F6563E /* NaamKit.swift */; };
		8E34754217A1AA3021EF4F86 /* NaamLiveView.swift in Sources */ = {isa = PBXBuildFile; fileRef = A143BD86EF40A0538AEAFA62 /* NaamLiveView.swift */; };
		975A9C36B6CA33F1AB724DB1 /* NaamClient.swift in Sources */ = {isa = PBXBuildFile; fileRef = 5716749621FDEF20D79E79F5 /* NaamClient.swift */; };
		D206AFE4343ED5A93F9F3081 /* NaamLiveModels.swift in Sources */ = {isa = PBXBuildFile; fileRef = 5AE78C012C1DA244BB46E6A6 /* NaamLiveModels.swift */; };
/* End PBXBuildFile section */

/* Begin PBXFileReference section */
		077F4C9463E40DFEC6F6563E /* NaamKit.swift */ = {isa = PBXFileReference; lastKnownFileType = sourcecode.swift; path = NaamKit.swift; sourceTree = "<group>"; };
		0CBBA89C926F5983C7F3E957 /* Assets.xcassets */ = {isa = PBXFileReference; lastKnownFileType = folder.assetcatalog; path = Assets.xcassets; sourceTree = "<group>"; };
		1B03D7F054918D4CEFD9F305 /* NaamMetaGate.swift */ = {isa = PBXFileReference; lastKnownFileType = sourcecode.swift; path = NaamMetaGate.swift; sourceTree = "<group>"; };
		1B4693E873D0FE6742E332C4 /* NaamLiveClient.swift */ = {isa = PBXFileReference; lastKnownFileType = sourcecode.swift; path = NaamLiveClient.swift; sourceTree = "<group>"; };
		1EB664B7B108310881C43B40 /* NaamAppModel.swift */ = {isa = PBXFileReference; lastKnownFileType = sourcecode.swift; path = NaamAppModel.swift; sourceTree = "<group>"; };
		221BF7C13F7A0E121D1FDB10 /* NaamApp.swift */ = {isa = PBXFileReference; lastKnownFileType = sourcecode.swift; path = NaamApp.swift; sourceTree = "<group>"; };
		23FBB277B0CA4110BBC9A35C /* Naam.app */ = {isa = PBXFileReference; includeInIndex = 0; lastKnownFileType = wrapper.application; path = Naam.app; sourceTree = BUILT_PRODUCTS_DIR; };
		474EB8FFCF3D62C4C40179F8 /* Info.plist */ = {isa = PBXFileReference; lastKnownFileType = text.plist; path = Info.plist; sourceTree = "<group>"; };
		5716749621FDEF20D79E79F5 /* NaamClient.swift */ = {isa = PBXFileReference; lastKnownFileType = sourcecode.swift; path = NaamClient.swift; sourceTree = "<group>"; };
		5AE78C012C1DA244BB46E6A6 /* NaamLiveModels.swift */ = {isa = PBXFileReference; lastKnownFileType = sourcecode.swift; path = NaamLiveModels.swift; sourceTree = "<group>"; };
		5E41A0403AAA4A2FB9747A78 /* NaamView.swift */ = {isa = PBXFileReference; lastKnownFileType = sourcecode.swift; path = NaamView.swift; sourceTree = "<group>"; };
		6E4874CEA585D222CFB2C913 /* NaamModels.swift */ = {isa = PBXFileReference; lastKnownFileType = sourcecode.swift; path = NaamModels.swift; sourceTree = "<group>"; };
		A143BD86EF40A0538AEAFA62 /* NaamLiveView.swift */ = {isa = PBXFileReference; lastKnownFileType = sourcecode.swift; path = NaamLiveView.swift; sourceTree = "<group>"; };
		F131712030294D9CF75372FC /* NaamLiveModel.swift */ = {isa = PBXFileReference; lastKnownFileType = sourcecode.swift; path = NaamLiveModel.swift; sourceTree = "<group>"; };
		F208218662A80C6A2937FC62 /* NaamDecisionClient.swift */ = {isa = PBXFileReference; lastKnownFileType = sourcecode.swift; path = NaamDecisionClient.swift; sourceTree = "<group>"; };
/* End PBXFileReference section */

/* Begin PBXGroup section */
		3BA8EA908155A10EE150D695 = {
			isa = PBXGroup;
			children = (
				56BE8568E0724576001EE4F4 /* Resources */,
				480415A6B95C62365D165AFC /* Sources */,
				D60987730FAFF9F759D7FCBA /* Products */,
			);
			sourceTree = "<group>";
		};
		480415A6B95C62365D165AFC /* Sources */ = {
			isa = PBXGroup;
			children = (
				474EB8FFCF3D62C4C40179F8 /* Info.plist */,
				221BF7C13F7A0E121D1FDB10 /* NaamApp.swift */,
				1EB664B7B108310881C43B40 /* NaamAppModel.swift */,
				5716749621FDEF20D79E79F5 /* NaamClient.swift */,
				F208218662A80C6A2937FC62 /* NaamDecisionClient.swift */,
				077F4C9463E40DFEC6F6563E /* NaamKit.swift */,
				1B4693E873D0FE6742E332C4 /* NaamLiveClient.swift */,
				F131712030294D9CF75372FC /* NaamLiveModel.swift */,
				5AE78C012C1DA244BB46E6A6 /* NaamLiveModels.swift */,
				A143BD86EF40A0538AEAFA62 /* NaamLiveView.swift */,
				1B03D7F054918D4CEFD9F305 /* NaamMetaGate.swift */,
				6E4874CEA585D222CFB2C913 /* NaamModels.swift */,
				5E41A0403AAA4A2FB9747A78 /* NaamView.swift */,
			);
			path = Sources;
			sourceTree = "<group>";
		};
		56BE8568E0724576001EE4F4 /* Resources */ = {
			isa = PBXGroup;
			children = (
				0CBBA89C926F5983C7F3E957 /* Assets.xcassets */,
			);
			path = Resources;
			sourceTree = "<group>";
		};
		D60987730FAFF9F759D7FCBA /* Products */ = {
			isa = PBXGroup;
			children = (
				23FBB277B0CA4110BBC9A35C /* Naam.app */,
			);
			name = Products;
			sourceTree = "<group>";
		};
/* End PBXGroup section */

/* Begin PBXNativeTarget section */
		68D1398C783EFF2CEB0E2FA1 /* Naam */ = {
			isa = PBXNativeTarget;
			buildConfigurationList = BD27FCF38F4B9EE8CF691D9B /* Build configuration list for PBXNativeTarget "Naam" */;
			buildPhases = (
				DFFFAD16F281FF5701B7820D /* Sources */,
				44F09751E66805EBC8E789CD /* Resources */,
			);
			buildRules = (
			);
			dependencies = (
			);
			name = Naam;
			packageProductDependencies = (
			);
			productName = Naam;
			productReference = 23FBB277B0CA4110BBC9A35C /* Naam.app */;
			productType = "com.apple.product-type.application";
		};
/* End PBXNativeTarget section */

/* Begin PBXProject section */
		8138D6D1F9B5C172B0540A20 /* Project object */ = {
			isa = PBXProject;
			attributes = {
				BuildIndependentTargetsInParallel = YES;
				LastUpgradeCheck = 1430;
				TargetAttributes = {
					68D1398C783EFF2CEB0E2FA1 = {
						DevelopmentTeam = FZ58DQ52QS;
					};
				};
			};
			buildConfigurationList = B6164CE15F3E3E3A0C325010 /* Build configuration list for PBXProject "Naam" */;
			developmentRegion = en;
			hasScannedForEncodings = 0;
			knownRegions = (
				Base,
				en,
			);
			mainGroup = 3BA8EA908155A10EE150D695;
			minimizedProjectReferenceProxies = 1;
			preferredProjectObjectVersion = 77;
			productRefGroup = D60987730FAFF9F759D7FCBA /* Products */;
			projectDirPath = "";
			projectRoot = "";
			targets = (
				68D1398C783EFF2CEB0E2FA1 /* Naam */,
			);
		};
/* End PBXProject section */

/* Begin PBXResourcesBuildPhase section */
		44F09751E66805EBC8E789CD /* Resources */ = {
			isa = PBXResourcesBuildPhase;
			buildActionMask = 2147483647;
			files = (
				3819AE8C618738A5F1329A9D /* Assets.xcassets in Resources */,
			);
			runOnlyForDeploymentPostprocessing = 0;
		};
/* End PBXResourcesBuildPhase section */

/* Begin PBXSourcesBuildPhase section */
		DFFFAD16F281FF5701B7820D /* Sources */ = {
			isa = PBXSourcesBuildPhase;
			buildActionMask = 2147483647;
			files = (
				576A7178618ADC373C9D8BB2 /* NaamApp.swift in Sources */,
				63C29A5F679D51E7041D307D /* NaamAppModel.swift in Sources */,
				975A9C36B6CA33F1AB724DB1 /* NaamClient.swift in Sources */,
				0BAFE1B8035AE32EB4C9FEE4 /* NaamDecisionClient.swift in Sources */,
				71F83F4DD645B7C8E4A7A2FD /* NaamKit.swift in Sources */,
				5625FAA5EAE7A6D239473BA8 /* NaamLiveClient.swift in Sources */,
				203E6A8EE11B28BC03A29E83 /* NaamLiveModel.swift in Sources */,
				D206AFE4343ED5A93F9F3081 /* NaamLiveModels.swift in Sources */,
				8E34754217A1AA3021EF4F86 /* NaamLiveView.swift in Sources */,
				5E610C44BFB789CFA3984170 /* NaamMetaGate.swift in Sources */,
				6E2377AB3BCB11D6051A169D /* NaamModels.swift in Sources */,
				4405F84739A778FB5FAFA6CA /* NaamView.swift in Sources */,
			);
			runOnlyForDeploymentPostprocessing = 0;
		};
/* End PBXSourcesBuildPhase section */

/* Begin XCBuildConfiguration section */
		472B9DC54A756BED12DC0D98 /* Debug */ = {
			isa = XCBuildConfiguration;
			buildSettings = {
				DEVELOPMENT_TEAM = FZ58DQ52QS;
				IPHONEOS_DEPLOYMENT_TARGET = 17.0;
				SDKROOT = iphoneos;
				SWIFT_VERSION = 5.0;
			};
			name = Debug;
		};
		A2D085104F7CD1B9EEA34771 /* Release */ = {
			isa = XCBuildConfiguration;
			buildSettings = {
				DEVELOPMENT_TEAM = FZ58DQ52QS;
				IPHONEOS_DEPLOYMENT_TARGET = 17.0;
				SDKROOT = iphoneos;
				SWIFT_VERSION = 5.0;
			};
			name = Release;
		};
		C66C3F4710E62A2AF4017606 /* Debug */ = {
			isa = XCBuildConfiguration;
			buildSettings = {
				ASSETCATALOG_COMPILER_APPICON_NAME = AppIcon;
				INFOPLIST_FILE = Sources/Info.plist;
				PRODUCT_BUNDLE_IDENTIFIER = com.hnhotels.naam;
				PRODUCT_NAME = Naam;
			};
			name = Debug;
		};
		F6454DC50EA7160599633754 /* Release */ = {
			isa = XCBuildConfiguration;
			buildSettings = {
				ASSETCATALOG_COMPILER_APPICON_NAME = AppIcon;
				INFOPLIST_FILE = Sources/Info.plist;
				PRODUCT_BUNDLE_IDENTIFIER = com.hnhotels.naam;
				PRODUCT_NAME = Naam;
			};
			name = Release;
		};
/* End XCBuildConfiguration section */

/* Begin XCConfigurationList section */
		B6164CE15F3E3E3A0C325010 /* Build configuration list for PBXProject "Naam" */ = {
			isa = XCConfigurationList;
			buildConfigurations = (
				472B9DC54A756BED12DC0D98 /* Debug */,
				A2D085104F7CD1B9EEA34771 /* Release */,
			);
			defaultConfigurationIsVisible = 0;
			defaultConfigurationName = Debug;
		};
		BD27FCF38F4B9EE8CF691D9B /* Build configuration list for PBXNativeTarget "Naam" */ = {
			isa = XCConfigurationList;
			buildConfigurations = (
				C66C3F4710E62A2AF4017606 /* Debug */,
				F6454DC50EA7160599633754 /* Release */,
			);
			defaultConfigurationIsVisible = 0;
			defaultConfigurationName = Debug;
		};
/* End XCConfigurationList section */
	};
	rootObject = 8138D6D1F9B5C172B0540A20 /* Project object */;
}
