// !$*UTF8*$!
{
	archiveVersion = 1;
	classes = {
	};
	objectVersion = 77;
	objects = {

/* Begin PBXBuildFile section */
		00B483F9388C79354C5301D9 /* TakhtModels.swift in Sources */ = {isa = PBXBuildFile; fileRef = 2D16400FB761E0259E9A15D8 /* TakhtModels.swift */; };
		015D636BBD84CAF5DCB632A9 /* TakhtHomeView.swift in Sources */ = {isa = PBXBuildFile; fileRef = A611DC9B12EBE501BF9425D2 /* TakhtHomeView.swift */; };
		1AC738FDC403F8BD38A5EB3C /* TakhtApp.swift in Sources */ = {isa = PBXBuildFile; fileRef = 51121267D986C96606E1BEAE /* TakhtApp.swift */; };
		5995B3B2358A4E3D64EB5597 /* TakhtWatchView.swift in Sources */ = {isa = PBXBuildFile; fileRef = AC47A594B670EF416D013CC1 /* TakhtWatchView.swift */; };
		6660E3567B69BCC5100FAE54 /* TakhtModels.swift in Sources */ = {isa = PBXBuildFile; fileRef = 2D16400FB761E0259E9A15D8 /* TakhtModels.swift */; };
		A79C849449FA728A8525A808 /* TakhtStore.swift in Sources */ = {isa = PBXBuildFile; fileRef = 7C51229636B3A2996E556209 /* TakhtStore.swift */; };
		D1E29B3FB095364FFF5C4620 /* TakhtStore.swift in Sources */ = {isa = PBXBuildFile; fileRef = 7C51229636B3A2996E556209 /* TakhtStore.swift */; };
		F7475A9FC27507DF19FBB200 /* TakhtWatchApp.swift in Sources */ = {isa = PBXBuildFile; fileRef = 7647AEA8BBA44531CDC7A6F3 /* TakhtWatchApp.swift */; };
/* End PBXBuildFile section */

/* Begin PBXFileReference section */
		2D16400FB761E0259E9A15D8 /* TakhtModels.swift */ = {isa = PBXFileReference; lastKnownFileType = sourcecode.swift; path = TakhtModels.swift; sourceTree = "<group>"; };
		417A8753F5A39B80D6A8999D /* Takht.entitlements */ = {isa = PBXFileReference; lastKnownFileType = text.plist.entitlements; path = Takht.entitlements; sourceTree = "<group>"; };
		51121267D986C96606E1BEAE /* TakhtApp.swift */ = {isa = PBXFileReference; lastKnownFileType = sourcecode.swift; path = TakhtApp.swift; sourceTree = "<group>"; };
		5285FFA03034A7F4D914C4CF /* TakhtWatch.entitlements */ = {isa = PBXFileReference; lastKnownFileType = text.plist.entitlements; path = TakhtWatch.entitlements; sourceTree = "<group>"; };
		6D9FA9B66160BCBCAA59CBA3 /* Info.plist */ = {isa = PBXFileReference; lastKnownFileType = text.plist; path = Info.plist; sourceTree = "<group>"; };
		7647AEA8BBA44531CDC7A6F3 /* TakhtWatchApp.swift */ = {isa = PBXFileReference; lastKnownFileType = sourcecode.swift; path = TakhtWatchApp.swift; sourceTree = "<group>"; };
		7C51229636B3A2996E556209 /* TakhtStore.swift */ = {isa = PBXFileReference; lastKnownFileType = sourcecode.swift; path = TakhtStore.swift; sourceTree = "<group>"; };
		A611DC9B12EBE501BF9425D2 /* TakhtHomeView.swift */ = {isa = PBXFileReference; lastKnownFileType = sourcecode.swift; path = TakhtHomeView.swift; sourceTree = "<group>"; };
		AC47A594B670EF416D013CC1 /* TakhtWatchView.swift */ = {isa = PBXFileReference; lastKnownFileType = sourcecode.swift; path = TakhtWatchView.swift; sourceTree = "<group>"; };
		B82587F08A00F8BBF158F610 /* Info.plist */ = {isa = PBXFileReference; lastKnownFileType = text.plist; path = Info.plist; sourceTree = "<group>"; };
		CA331E0661A0B380B289FFAF /* TakhtWatch.app */ = {isa = PBXFileReference; explicitFileType = wrapper.application; includeInIndex = 0; path = TakhtWatch.app; sourceTree = BUILT_PRODUCTS_DIR; };
		E1B108212BF6D11A45666253 /* Takht.app */ = {isa = PBXFileReference; includeInIndex = 0; lastKnownFileType = wrapper.application; path = Takht.app; sourceTree = BUILT_PRODUCTS_DIR; };
/* End PBXFileReference section */

/* Begin PBXGroup section */
		10586AF4D6B84E764F017904 /* Products */ = {
			isa = PBXGroup;
			children = (
				E1B108212BF6D11A45666253 /* Takht.app */,
				CA331E0661A0B380B289FFAF /* TakhtWatch.app */,
			);
			name = Products;
			sourceTree = "<group>";
		};
		132B877D4FCEAD99333CCA30 /* TakhtWatch */ = {
			isa = PBXGroup;
			children = (
				B82587F08A00F8BBF158F610 /* Info.plist */,
				5285FFA03034A7F4D914C4CF /* TakhtWatch.entitlements */,
				7647AEA8BBA44531CDC7A6F3 /* TakhtWatchApp.swift */,
				AC47A594B670EF416D013CC1 /* TakhtWatchView.swift */,
			);
			name = TakhtWatch;
			path = Sources/TakhtWatch;
			sourceTree = "<group>";
		};
		17D52D9D2C4144AFC51B305F = {
			isa = PBXGroup;
			children = (
				4BB8DE2F4B3D0CEC269714EA /* Takht */,
				132B877D4FCEAD99333CCA30 /* TakhtWatch */,
				10586AF4D6B84E764F017904 /* Products */,
			);
			sourceTree = "<group>";
		};
		4BB8DE2F4B3D0CEC269714EA /* Takht */ = {
			isa = PBXGroup;
			children = (
				6D9FA9B66160BCBCAA59CBA3 /* Info.plist */,
				417A8753F5A39B80D6A8999D /* Takht.entitlements */,
				51121267D986C96606E1BEAE /* TakhtApp.swift */,
				A611DC9B12EBE501BF9425D2 /* TakhtHomeView.swift */,
				2D16400FB761E0259E9A15D8 /* TakhtModels.swift */,
				7C51229636B3A2996E556209 /* TakhtStore.swift */,
			);
			name = Takht;
			path = Sources/Takht;
			sourceTree = "<group>";
		};
/* End PBXGroup section */

/* Begin PBXNativeTarget section */
		34B6FE6C6C067B967E7ABAA9 /* Takht */ = {
			isa = PBXNativeTarget;
			buildConfigurationList = 1855618FADB5EF7B10646C55 /* Build configuration list for PBXNativeTarget "Takht" */;
			buildPhases = (
				1ED3E5FBFDA775A7E998F426 /* Sources */,
			);
			buildRules = (
			);
			dependencies = (
			);
			name = Takht;
			packageProductDependencies = (
			);
			productName = Takht;
			productReference = E1B108212BF6D11A45666253 /* Takht.app */;
			productType = "com.apple.product-type.application";
		};
		F17355CCF0847428D73BA6F4 /* TakhtWatch */ = {
			isa = PBXNativeTarget;
			buildConfigurationList = 5B32C90ADD0AE2C43006EABE /* Build configuration list for PBXNativeTarget "TakhtWatch" */;
			buildPhases = (
				3DE374C7DE217840363ACC45 /* Sources */,
			);
			buildRules = (
			);
			dependencies = (
			);
			name = TakhtWatch;
			packageProductDependencies = (
			);
			productName = TakhtWatch;
			productReference = CA331E0661A0B380B289FFAF /* TakhtWatch.app */;
			productType = "com.apple.product-type.application";
		};
/* End PBXNativeTarget section */

/* Begin PBXProject section */
		3491C69BAE3AF0502515CA9C /* Project object */ = {
			isa = PBXProject;
			attributes = {
				BuildIndependentTargetsInParallel = YES;
				LastUpgradeCheck = 1430;
				TargetAttributes = {
					34B6FE6C6C067B967E7ABAA9 = {
						DevelopmentTeam = FZ58DQ52QS;
					};
					F17355CCF0847428D73BA6F4 = {
						DevelopmentTeam = FZ58DQ52QS;
					};
				};
			};
			buildConfigurationList = CC1314C8D68778F3C1B90E0E /* Build configuration list for PBXProject "Takht" */;
			developmentRegion = en;
			hasScannedForEncodings = 0;
			knownRegions = (
				Base,
				en,
			);
			mainGroup = 17D52D9D2C4144AFC51B305F;
			minimizedProjectReferenceProxies = 1;
			preferredProjectObjectVersion = 77;
			productRefGroup = 10586AF4D6B84E764F017904 /* Products */;
			projectDirPath = "";
			projectRoot = "";
			targets = (
				34B6FE6C6C067B967E7ABAA9 /* Takht */,
				F17355CCF0847428D73BA6F4 /* TakhtWatch */,
			);
		};
/* End PBXProject section */

/* Begin PBXSourcesBuildPhase section */
		1ED3E5FBFDA775A7E998F426 /* Sources */ = {
			isa = PBXSourcesBuildPhase;
			buildActionMask = 2147483647;
			files = (
				1AC738FDC403F8BD38A5EB3C /* TakhtApp.swift in Sources */,
				015D636BBD84CAF5DCB632A9 /* TakhtHomeView.swift in Sources */,
				6660E3567B69BCC5100FAE54 /* TakhtModels.swift in Sources */,
				D1E29B3FB095364FFF5C4620 /* TakhtStore.swift in Sources */,
			);
			runOnlyForDeploymentPostprocessing = 0;
		};
		3DE374C7DE217840363ACC45 /* Sources */ = {
			isa = PBXSourcesBuildPhase;
			buildActionMask = 2147483647;
			files = (
				00B483F9388C79354C5301D9 /* TakhtModels.swift in Sources */,
				A79C849449FA728A8525A808 /* TakhtStore.swift in Sources */,
				F7475A9FC27507DF19FBB200 /* TakhtWatchApp.swift in Sources */,
				5995B3B2358A4E3D64EB5597 /* TakhtWatchView.swift in Sources */,
			);
			runOnlyForDeploymentPostprocessing = 0;
		};
/* End PBXSourcesBuildPhase section */

/* Begin XCBuildConfiguration section */
		064E2AE5291A6C5007A58EA7 /* Debug */ = {
			isa = XCBuildConfiguration;
			buildSettings = {
				DEVELOPMENT_TEAM = FZ58DQ52QS;
				IPHONEOS_DEPLOYMENT_TARGET = 17.0;
				SWIFT_VERSION = 5.0;
				WATCHOS_DEPLOYMENT_TARGET = 10.0;
			};
			name = Debug;
		};
		24EA46800BFEA7660D576C96 /* Release */ = {
			isa = XCBuildConfiguration;
			buildSettings = {
				ASSETCATALOG_COMPILER_APPICON_NAME = AppIcon;
				CODE_SIGN_ENTITLEMENTS = Sources/Takht/Takht.entitlements;
				INFOPLIST_FILE = Sources/Takht/Info.plist;
				INFOPLIST_KEY_CFBundleDisplayName = Takht;
				INFOPLIST_KEY_CFBundleName = Takht;
				INFOPLIST_KEY_UILaunchScreen_Generation = YES;
				INFOPLIST_KEY_UIRequiresFullScreen = YES;
				INFOPLIST_KEY_UISupportedInterfaceOrientations_iPhone = (
					UIInterfaceOrientationPortrait,
				);
				INFOPLIST_KEY_WKCompanionAppBundleIdentifier = in.hnhotels.takht.watchkitapp;
				PRODUCT_BUNDLE_IDENTIFIER = in.hnhotels.takht;
				PRODUCT_NAME = Takht;
			};
			name = Release;
		};
		2AD9EA223FA69968642D963D /* Release */ = {
			isa = XCBuildConfiguration;
			buildSettings = {
				DEVELOPMENT_TEAM = FZ58DQ52QS;
				IPHONEOS_DEPLOYMENT_TARGET = 17.0;
				SWIFT_VERSION = 5.0;
				WATCHOS_DEPLOYMENT_TARGET = 10.0;
			};
			name = Release;
		};
		492B305B017450A3AD3549A4 /* Debug */ = {
			isa = XCBuildConfiguration;
			buildSettings = {
				ASSETCATALOG_COMPILER_APPICON_NAME = AppIcon;
				CODE_SIGN_ENTITLEMENTS = Sources/TakhtWatch/TakhtWatch.entitlements;
				INFOPLIST_FILE = Sources/TakhtWatch/Info.plist;
				INFOPLIST_KEY_CFBundleDisplayName = Takht;
				INFOPLIST_KEY_WKApplication = YES;
				PRODUCT_BUNDLE_IDENTIFIER = in.hnhotels.takht.watchkitapp;
				PRODUCT_NAME = TakhtWatch;
			};
			name = Debug;
		};
		9B26AFD60A37CB2CC74B21A3 /* Debug */ = {
			isa = XCBuildConfiguration;
			buildSettings = {
				ASSETCATALOG_COMPILER_APPICON_NAME = AppIcon;
				CODE_SIGN_ENTITLEMENTS = Sources/Takht/Takht.entitlements;
				INFOPLIST_FILE = Sources/Takht/Info.plist;
				INFOPLIST_KEY_CFBundleDisplayName = Takht;
				INFOPLIST_KEY_CFBundleName = Takht;
				INFOPLIST_KEY_UILaunchScreen_Generation = YES;
				INFOPLIST_KEY_UIRequiresFullScreen = YES;
				INFOPLIST_KEY_UISupportedInterfaceOrientations_iPhone = (
					UIInterfaceOrientationPortrait,
				);
				INFOPLIST_KEY_WKCompanionAppBundleIdentifier = in.hnhotels.takht.watchkitapp;
				PRODUCT_BUNDLE_IDENTIFIER = in.hnhotels.takht;
				PRODUCT_NAME = Takht;
			};
			name = Debug;
		};
		B7724D0A9A44EE1B3FBC5382 /* Release */ = {
			isa = XCBuildConfiguration;
			buildSettings = {
				ASSETCATALOG_COMPILER_APPICON_NAME = AppIcon;
				CODE_SIGN_ENTITLEMENTS = Sources/TakhtWatch/TakhtWatch.entitlements;
				INFOPLIST_FILE = Sources/TakhtWatch/Info.plist;
				INFOPLIST_KEY_CFBundleDisplayName = Takht;
				INFOPLIST_KEY_WKApplication = YES;
				PRODUCT_BUNDLE_IDENTIFIER = in.hnhotels.takht.watchkitapp;
				PRODUCT_NAME = TakhtWatch;
			};
			name = Release;
		};
/* End XCBuildConfiguration section */

/* Begin XCConfigurationList section */
		1855618FADB5EF7B10646C55 /* Build configuration list for PBXNativeTarget "Takht" */ = {
			isa = XCConfigurationList;
			buildConfigurations = (
				9B26AFD60A37CB2CC74B21A3 /* Debug */,
				24EA46800BFEA7660D576C96 /* Release */,
			);
			defaultConfigurationIsVisible = 0;
			defaultConfigurationName = Debug;
		};
		5B32C90ADD0AE2C43006EABE /* Build configuration list for PBXNativeTarget "TakhtWatch" */ = {
			isa = XCConfigurationList;
			buildConfigurations = (
				492B305B017450A3AD3549A4 /* Debug */,
				B7724D0A9A44EE1B3FBC5382 /* Release */,
			);
			defaultConfigurationIsVisible = 0;
			defaultConfigurationName = Debug;
		};
		CC1314C8D68778F3C1B90E0E /* Build configuration list for PBXProject "Takht" */ = {
			isa = XCConfigurationList;
			buildConfigurations = (
				064E2AE5291A6C5007A58EA7 /* Debug */,
				2AD9EA223FA69968642D963D /* Release */,
			);
			defaultConfigurationIsVisible = 0;
			defaultConfigurationName = Debug;
		};
/* End XCConfigurationList section */
	};
	rootObject = 3491C69BAE3AF0502515CA9C /* Project object */;
}
